
Microsoft Visual Studio Solution File, Format Version 12.00
# Visual Studio Version 16
VisualStudioVersion = 16.0.32802.440
MinimumVisualStudioVersion = 10.0.40219.1
Project("{FAE04EC0-301F-11D3-BF4B-00C04F79EFBC}") = "SecondEgSA", "SecondEgSA\SecondEgSA.csproj", "{FCCFE006-D00D-4D8C-AD64-3637C690CF30}"
EndProject
Global
	GlobalSection(SolutionConfigurationPlatforms) = preSolution
		Debug|Any CPU = Debug|Any CPU
		Release|Any CPU = Release|Any CPU
	EndGlobalSection
	GlobalSection(ProjectConfigurationPlatforms) = postSolution
		{FCCFE006-D00D-4D8C-AD64-3637C690CF30}.Debug|Any CPU.ActiveCfg = Debug|Any CPU
		{FCCFE006-D00D-4D8C-AD64-3637C690CF30}.Debug|Any CPU.Build.0 = Debug|Any CPU
		{FCCFE006-D00D-4D8C-AD64-3637C690CF30}.Release|Any CPU.ActiveCfg = Release|Any CPU
		{FCCFE006-D00D-4D8C-AD64-3637C690CF30}.Release|Any CPU.Build.0 = Release|Any CPU
	EndGlobalSection
	GlobalSection(SolutionProperties) = preSolution
		HideSolutionNode = FALSE
	EndGlobalSection
	GlobalSection(ExtensibilityGlobals) = postSolution
		SolutionGuid = {0CADE516-23A0-47AD-8665-2E96295D3A4B}
	EndGlobalSection
EndGlobal
